<?xml version="1.0" encoding="utf-8"?>
<Project ToolsVersion="4.0" xmlns="http://schemas.microsoft.com/developer/msbuild/2003">
  <ItemGroup>
    <Filter Include="Исходные файлы">
      <UniqueIdentifier>{4FC737F1-C7A5-4376-A066-2A32D752A2FF}</UniqueIdentifier>
      <Extensions>cpp;c;cc;cxx;def;odl;idl;hpj;bat;asm;asmx</Extensions>
    </Filter>
    <Filter Include="Файлы заголовков">
      <UniqueIdentifier>{93995380-89BD-4b04-88EB-625FBE52EBFB}</UniqueIdentifier>
      <Extensions>h;hh;hpp;hxx;hm;inl;inc;ipp;xsd</Extensions>
    </Filter>
    <Filter Include="Файлы ресурсов">
      <UniqueIdentifier>{67DA6AB6-F800-4c08-8B7A-83BB121AAD01}</UniqueIdentifier>
      <Extensions>rc;ico;cur;bmp;dlg;rc2;rct;bin;rgs;gif;jpg;jpeg;jpe;resx;tiff;tif;png;wav;mfcribbon-ms</Extensions>
    </Filter>
    <Filter Include="Исходные файлы\Tools">
      <UniqueIdentifier>{d1dcf735-fbc9-49ad-bc34-b93858b7ba5a}</UniqueIdentifier>
    </Filter>
    <Filter Include="Исходные файлы\Hacks">
      <UniqueIdentifier>{a495baf0-491e-4b45-8539-53b037b85e52}</UniqueIdentifier>
    </Filter>
    <Filter Include="Файлы заголовков\Hacks">
      <UniqueIdentifier>{22a8a3cf-f874-4525-832a-0c9f4c2d437a}</UniqueIdentifier>
    </Filter>
    <Filter Include="Исходные файлы\Core">
      <UniqueIdentifier>{49922220-fe50-4735-9ac0-8797652cc6ac}</UniqueIdentifier>
    </Filter>
    <Filter Include="Файлы заголовков\Core">
      <UniqueIdentifier>{791fe40c-b25f-441f-8325-81ac13697302}</UniqueIdentifier>
    </Filter>
    <Filter Include="Файлы заголовков\Core\csgo">
      <UniqueIdentifier>{b4817da6-6510-4dd8-96e8-c730003604f7}</UniqueIdentifier>
    </Filter>
    <Filter Include="Файлы заголовков\Core\csgo\Interfaces">
      <UniqueIdentifier>{629c5272-e6d2-47bc-aee9-ec33dd7bbc55}</UniqueIdentifier>
    </Filter>
    <Filter Include="Файлы заголовков\Core\csgo\math">
      <UniqueIdentifier>{95bf06fd-9619-4527-8ee3-7fa8dfae5fec}</UniqueIdentifier>
    </Filter>
    <Filter Include="Файлы заголовков\Core\tools">
      <UniqueIdentifier>{eb285356-0f47-4981-bc9e-782bc32c1565}</UniqueIdentifier>
    </Filter>
    <Filter Include="Файлы заголовков\Core\csgo\Hooks">
      <UniqueIdentifier>{81bd83e0-822d-42db-bc52-39c2e4db8d8a}</UniqueIdentifier>
    </Filter>
    <Filter Include="Исходные файлы\Core\Hooks">
      <UniqueIdentifier>{48708661-b85c-40e6-a76b-90bdf878e52a}</UniqueIdentifier>
    </Filter>
    <Filter Include="Файлы заголовков\Core\tools\misc">
      <UniqueIdentifier>{b53e3b3b-17ca-41dd-83a2-cd61d48fd6c5}</UniqueIdentifier>
    </Filter>
    <Filter Include="Файлы заголовков\Core\csgo\Classes">
      <UniqueIdentifier>{3617c505-db6b-4025-837a-a287bc308f9a}</UniqueIdentifier>
    </Filter>
    <Filter Include="Файлы заголовков\Core\tools\draw">
      <UniqueIdentifier>{bc1b36b8-e47d-4470-8836-9688838baad2}</UniqueIdentifier>
    </Filter>
    <Filter Include="Файлы ресурсов\imgui">
      <UniqueIdentifier>{6a9bbe4c-0bb2-4ce8-8fd3-684a7a495dd7}</UniqueIdentifier>
    </Filter>
    <Filter Include="Файлы заголовков\Hacks\UI">
      <UniqueIdentifier>{35a06103-6c66-413f-a18e-f0e45b3e1cfa}</UniqueIdentifier>
    </Filter>
    <Filter Include="Файлы заголовков\Hacks\HackUtils">
      <UniqueIdentifier>{69a0f243-fcef-44a0-b79a-158b4e7dac8b}</UniqueIdentifier>
    </Filter>
    <Filter Include="Исходные файлы\Core\math">
      <UniqueIdentifier>{579f85f0-7423-4d9d-83af-bafaf46dff31}</UniqueIdentifier>
    </Filter>
  </ItemGroup>
  <ItemGroup>
    <ClInclude Include="HackCore.h">
      <Filter>Файлы заголовков\Core</Filter>
    </ClInclude>
    <ClInclude Include="framework.h">
      <Filter>Файлы заголовков</Filter>
    </ClInclude>
    <ClInclude Include="vector.h">
      <Filter>Файлы заголовков\Core\csgo\math</Filter>
    </ClInclude>
    <ClInclude Include="top.h">
      <Filter>Файлы заголовков\Core\tools</Filter>
    </ClInclude>
    <ClInclude Include="IInclude.h">
      <Filter>Файлы заголовков\Core\csgo\Interfaces</Filter>
    </ClInclude>
    <ClInclude Include="ClientMode.h">
      <Filter>Файлы заголовков\Core\csgo\Interfaces</Filter>
    </ClInclude>
    <ClInclude Include="ClientEntityList.h">
      <Filter>Файлы заголовков\Core\csgo\Interfaces</Filter>
    </ClInclude>
    <ClInclude Include="CBaseClient.h">
      <Filter>Файлы заголовков\Core\csgo\Interfaces</Filter>
    </ClInclude>
    <ClInclude Include="CEngineClient.h">
      <Filter>Файлы заголовков\Core\csgo\Interfaces</Filter>
    </ClInclude>
    <ClInclude Include="HookManager.h">
      <Filter>Файлы заголовков\Core\csgo\Hooks</Filter>
    </ClInclude>
    <ClInclude Include="CreateMoveHook.h">
      <Filter>Файлы заголовков\Core\csgo\Hooks</Filter>
    </ClInclude>
    <ClInclude Include="HooksInclude.h">
      <Filter>Файлы заголовков\Core\csgo\Hooks</Filter>
    </ClInclude>
    <ClInclude Include="BannyHop.h">
      <Filter>Файлы заголовков\Hacks</Filter>
    </ClInclude>
    <ClInclude Include="Netvars.h">
      <Filter>Файлы заголовков\Core\tools</Filter>
    </ClInclude>
    <ClInclude Include="recv.h">
      <Filter>Файлы заголовков\Core\tools\misc</Filter>
    </ClInclude>
    <ClInclude Include="ClientClass.h">
      <Filter>Файлы заголовков\Core\csgo\Classes</Filter>
    </ClInclude>
    <ClInclude Include="RecvProps.h">
      <Filter>Файлы заголовков\Core\csgo\Classes</Filter>
    </ClInclude>
    <ClInclude Include="fnv.h">
      <Filter>Файлы заголовков\Core\tools\misc</Filter>
    </ClInclude>
    <ClInclude Include="UserCmd.h">
      <Filter>Файлы заголовков\Core\csgo\Classes</Filter>
    </ClInclude>
    <ClInclude Include="CPanel.h">
      <Filter>Файлы заголовков\Core\csgo\Classes</Filter>
    </ClInclude>
    <ClInclude Include="PaintTreverseHook.h">
      <Filter>Файлы заголовков\Core\csgo\Hooks</Filter>
    </ClInclude>
    <ClInclude Include="CSurface.h">
      <Filter>Файлы заголовков\Core\csgo\Interfaces</Filter>
    </ClInclude>
    <ClInclude Include="vertex.h">
      <Filter>Файлы заголовков\Core\csgo\math</Filter>
    </ClInclude>
    <ClInclude Include="csgodraw.h">
      <Filter>Файлы заголовков\Core\tools\draw</Filter>
    </ClInclude>
    <ClInclude Include="Render.h">
      <Filter>Файлы заголовков\Core\tools\draw</Filter>
    </ClInclude>
    <ClInclude Include="TextColor.h">
      <Filter>Файлы заголовков</Filter>
    </ClInclude>
    <ClInclude Include="EndScane.h">
      <Filter>Файлы заголовков\Core\csgo\Hooks</Filter>
    </ClInclude>
    <ClInclude Include="ResetHook.h">
      <Filter>Файлы заголовков\Core\csgo\Hooks</Filter>
    </ClInclude>
    <ClInclude Include="imgui\imgui_internal.h">
      <Filter>Файлы ресурсов\imgui</Filter>
    </ClInclude>
    <ClInclude Include="imgui\stb_rect_pack.h">
      <Filter>Файлы ресурсов\imgui</Filter>
    </ClInclude>
    <ClInclude Include="imgui\stb_textedit.h">
      <Filter>Файлы ресурсов\imgui</Filter>
    </ClInclude>
    <ClInclude Include="imgui\stb_truetype.h">
      <Filter>Файлы ресурсов\imgui</Filter>
    </ClInclude>
    <ClInclude Include="imgui\imconfig.h">
      <Filter>Файлы ресурсов\imgui</Filter>
    </ClInclude>
    <ClInclude Include="imgui\imgui.h">
      <Filter>Файлы ресурсов\imgui</Filter>
    </ClInclude>
    <ClInclude Include="imgui\imgui_impl_dx9.h">
      <Filter>Файлы ресурсов\imgui</Filter>
    </ClInclude>
    <ClInclude Include="menu.h">
      <Filter>Файлы заголовков\Hacks\UI</Filter>
    </ClInclude>
    <ClInclude Include="HackUtils.h">
      <Filter>Файлы заголовков\Hacks\HackUtils</Filter>
    </ClInclude>
    <ClInclude Include="color.h">
      <Filter>Файлы заголовков\Core\tools\draw</Filter>
    </ClInclude>
    <ClInclude Include="CSPlayer.h">
      <Filter>Файлы заголовков\Core\csgo\Classes</Filter>
    </ClInclude>
    <ClInclude Include="CBaseCombatWeapon.h">
      <Filter>Файлы заголовков\Core\csgo\Classes</Filter>
    </ClInclude>
    <ClInclude Include="vector2d.h">
      <Filter>Файлы заголовков\Core\csgo\math</Filter>
    </ClInclude>
    <ClInclude Include="vector4d.h">
      <Filter>Файлы заголовков\Core\csgo\math</Filter>
    </ClInclude>
    <ClInclude Include="QAngle.h">
      <Filter>Файлы заголовков\Core\csgo\math</Filter>
    </ClInclude>
    <ClInclude Include="VMatrix.h">
      <Filter>Файлы заголовков\Core\csgo\math</Filter>
    </ClInclude>
    <ClInclude Include="interfaceUtils.h">
      <Filter>Файлы заголовков\Core\csgo\Interfaces</Filter>
    </ClInclude>
    <ClInclude Include="ESPBox.h">
      <Filter>Файлы заголовков\Hacks</Filter>
    </ClInclude>
    <ClInclude Include="defs.h">
      <Filter>Файлы заголовков\Core\csgo\Classes</Filter>
    </ClInclude>
    <ClInclude Include="CIInput.h">
      <Filter>Файлы заголовков\Core\csgo\Interfaces</Filter>
    </ClInclude>
    <ClInclude Include="CustomUIModules.h">
      <Filter>Файлы заголовков\Hacks\UI</Filter>
    </ClInclude>
    <ClInclude Include="LockCursorHook.h">
      <Filter>Файлы заголовков\Core\csgo\Hooks</Filter>
    </ClInclude>
    <ClInclude Include="MenuThemes.h">
      <Filter>Файлы заголовков\Hacks\UI</Filter>
    </ClInclude>
    <ClInclude Include="Settings.h">
      <Filter>Файлы заголовков\Core</Filter>
    </ClInclude>
    <ClInclude Include="SingletonTemplate.h">
      <Filter>Файлы заголовков</Filter>
    </ClInclude>
  </ItemGroup>
  <ItemGroup>
    <ClCompile Include="dllmain.cpp">
      <Filter>Исходные файлы</Filter>
    </ClCompile>
    <ClCompile Include="HackCore.cpp">
      <Filter>Исходные файлы\Core</Filter>
    </ClCompile>
    <ClCompile Include="HookManager.cpp">
      <Filter>Исходные файлы\Core\Hooks</Filter>
    </ClCompile>
    <ClCompile Include="CreateMoveHook.cpp">
      <Filter>Исходные файлы\Core\Hooks</Filter>
    </ClCompile>
    <ClCompile Include="BannyHop.cpp">
      <Filter>Исходные файлы\Hacks</Filter>
    </ClCompile>
    <ClCompile Include="Netvars.cpp">
      <Filter>Исходные файлы\Tools</Filter>
    </ClCompile>
    <ClCompile Include="PaintTreverseHook.cpp">
      <Filter>Исходные файлы\Core\Hooks</Filter>
    </ClCompile>
    <ClCompile Include="Render.cpp">
      <Filter>Исходные файлы\Tools</Filter>
    </ClCompile>
    <ClCompile Include="EndScane.cpp">
      <Filter>Исходные файлы\Core\Hooks</Filter>
    </ClCompile>
    <ClCompile Include="ResetHook.cpp">
      <Filter>Исходные файлы\Core\Hooks</Filter>
    </ClCompile>
    <ClCompile Include="imgui\imgui.cpp">
      <Filter>Файлы ресурсов\imgui</Filter>
    </ClCompile>
    <ClCompile Include="imgui\imgui_draw.cpp">
      <Filter>Файлы ресурсов\imgui</Filter>
    </ClCompile>
    <ClCompile Include="imgui\imgui_impl_dx9.cpp">
      <Filter>Файлы ресурсов\imgui</Filter>
    </ClCompile>
    <ClCompile Include="vector.cpp">
      <Filter>Исходные файлы\Core\math</Filter>
    </ClCompile>
    <ClCompile Include="vector2d.cpp">
      <Filter>Исходные файлы\Core\math</Filter>
    </ClCompile>
    <ClCompile Include="vector4d.cpp">
      <Filter>Исходные файлы\Core\math</Filter>
    </ClCompile>
    <ClCompile Include="VMatrix.cpp">
      <Filter>Исходные файлы\Core\math</Filter>
    </ClCompile>
    <ClCompile Include="ESPBox.cpp">
      <Filter>Исходные файлы\Hacks</Filter>
    </ClCompile>
    <ClCompile Include="LockCursorHook.cpp">
      <Filter>Исходные файлы\Core\Hooks</Filter>
    </ClCompile>
  </ItemGroup>
</Project>